
Microsoft Visual Studio Solution File, Format Version 12.00
# Visual Studio Version 17
VisualStudioVersion = 17.0.32014.148
MinimumVisualStudioVersion = 10.0.40219.1
Project("{FAE04EC0-301F-11D3-BF4B-00C04F79EFBC}") = "MyFirstApp", "MyFirstApp.csproj", "{123A592E-E93D-4F0B-9928-442E9E23FCED}"
EndProject
Global
	GlobalSection(SolutionConfigurationPlatforms) = preSolution
		Debug|Any CPU = Debug|Any CPU
		Release|Any CPU = Release|Any CPU
	EndGlobalSection
	GlobalSection(ProjectConfigurationPlatforms) = postSolution
		{123A592E-E93D-4F0B-9928-442E9E23FCED}.Debug|Any CPU.ActiveCfg = Debug|Any CPU
		{123A592E-E93D-4F0B-9928-442E9E23FCED}.Debug|Any CPU.Build.0 = Debug|Any CPU
		{123A592E-E93D-4F0B-9928-442E9E23FCED}.Release|Any CPU.ActiveCfg = Release|Any CPU
		{123A592E-E93D-4F0B-9928-442E9E23FCED}.Release|Any CPU.Build.0 = Release|Any CPU
	EndGlobalSection
	GlobalSection(SolutionProperties) = preSolution
		HideSolutionNode = FALSE
	EndGlobalSection
	GlobalSection(ExtensibilityGlobals) = postSolution
		SolutionGuid = {E8C5AC77-F7A2-4FF7-B39A-DE01BEB744A6}
	EndGlobalSection
EndGlobal
