
Microsoft Visual Studio Solution File, Format Version 12.00
# Visual Studio Version 17
VisualStudioVersion = 17.0.32014.148
MinimumVisualStudioVersion = 10.0.40219.1
Project("{FAE04EC0-301F-11D3-BF4B-00C04F79EFBC}") = "oneDimensionalArray", "oneDimensionalArray.csproj", "{EAD22D8B-016F-4E67-83BD-AC5A180FDED9}"
EndProject
Project("{FAE04EC0-301F-11D3-BF4B-00C04F79EFBC}") = "InitializationArray", "..\InitializationArray\InitializationArray.csproj", "{4EFDF7F2-FA78-463D-92B3-E8DAA9B4E1A8}"
EndProject
Global
	GlobalSection(SolutionConfigurationPlatforms) = preSolution
		Debug|Any CPU = Debug|Any CPU
		Release|Any CPU = Release|Any CPU
	EndGlobalSection
	GlobalSection(ProjectConfigurationPlatforms) = postSolution
		{EAD22D8B-016F-4E67-83BD-AC5A180FDED9}.Debug|Any CPU.ActiveCfg = Debug|Any CPU
		{EAD22D8B-016F-4E67-83BD-AC5A180FDED9}.Debug|Any CPU.Build.0 = Debug|Any CPU
		{EAD22D8B-016F-4E67-83BD-AC5A180FDED9}.Release|Any CPU.ActiveCfg = Release|Any CPU
		{EAD22D8B-016F-4E67-83BD-AC5A180FDED9}.Release|Any CPU.Build.0 = Release|Any CPU
		{4EFDF7F2-FA78-463D-92B3-E8DAA9B4E1A8}.Debug|Any CPU.ActiveCfg = Debug|Any CPU
		{4EFDF7F2-FA78-463D-92B3-E8DAA9B4E1A8}.Debug|Any CPU.Build.0 = Debug|Any CPU
		{4EFDF7F2-FA78-463D-92B3-E8DAA9B4E1A8}.Release|Any CPU.ActiveCfg = Release|Any CPU
		{4EFDF7F2-FA78-463D-92B3-E8DAA9B4E1A8}.Release|Any CPU.Build.0 = Release|Any CPU
	EndGlobalSection
	GlobalSection(SolutionProperties) = preSolution
		HideSolutionNode = FALSE
	EndGlobalSection
	GlobalSection(ExtensibilityGlobals) = postSolution
		SolutionGuid = {820D0C16-791E-4FB5-B862-E88F2E8DF865}
	EndGlobalSection
EndGlobal
