
Microsoft Visual Studio Solution File, Format Version 12.00
# Visual Studio Version 17
VisualStudioVersion = 17.0.32014.148
MinimumVisualStudioVersion = 10.0.40219.1
Project("{FAE04EC0-301F-11D3-BF4B-00C04F79EFBC}") = "ArrayOutput", "ArrayOutput.csproj", "{7DAD4002-36A4-46C6-9FF3-F10099FF8929}"
EndProject
Project("{FAE04EC0-301F-11D3-BF4B-00C04F79EFBC}") = "HomeTaskArray1", "..\HomeTaskArray1\HomeTaskArray1.csproj", "{F8C45C0A-EEE9-4620-AE1F-909C01094B08}"
EndProject
Project("{FAE04EC0-301F-11D3-BF4B-00C04F79EFBC}") = "HomeTaskArray1v2", "..\HomeTaskArray1v2\HomeTaskArray1v2.csproj", "{A0529B43-0468-483E-BCDE-5716D81463F3}"
EndProject
Project("{FAE04EC0-301F-11D3-BF4B-00C04F79EFBC}") = "HomeTaskArray1v3", "..\HomeTaskArray1v3\HomeTaskArray1v3.csproj", "{510B5F9D-4808-4666-BE1D-B03088799E0C}"
EndProject
Global
	GlobalSection(SolutionConfigurationPlatforms) = preSolution
		Debug|Any CPU = Debug|Any CPU
		Release|Any CPU = Release|Any CPU
	EndGlobalSection
	GlobalSection(ProjectConfigurationPlatforms) = postSolution
		{7DAD4002-36A4-46C6-9FF3-F10099FF8929}.Debug|Any CPU.ActiveCfg = Debug|Any CPU
		{7DAD4002-36A4-46C6-9FF3-F10099FF8929}.Debug|Any CPU.Build.0 = Debug|Any CPU
		{7DAD4002-36A4-46C6-9FF3-F10099FF8929}.Release|Any CPU.ActiveCfg = Release|Any CPU
		{7DAD4002-36A4-46C6-9FF3-F10099FF8929}.Release|Any CPU.Build.0 = Release|Any CPU
		{F8C45C0A-EEE9-4620-AE1F-909C01094B08}.Debug|Any CPU.ActiveCfg = Debug|Any CPU
		{F8C45C0A-EEE9-4620-AE1F-909C01094B08}.Debug|Any CPU.Build.0 = Debug|Any CPU
		{F8C45C0A-EEE9-4620-AE1F-909C01094B08}.Release|Any CPU.ActiveCfg = Release|Any CPU
		{F8C45C0A-EEE9-4620-AE1F-909C01094B08}.Release|Any CPU.Build.0 = Release|Any CPU
		{A0529B43-0468-483E-BCDE-5716D81463F3}.Debug|Any CPU.ActiveCfg = Debug|Any CPU
		{A0529B43-0468-483E-BCDE-5716D81463F3}.Debug|Any CPU.Build.0 = Debug|Any CPU
		{A0529B43-0468-483E-BCDE-5716D81463F3}.Release|Any CPU.ActiveCfg = Release|Any CPU
		{A0529B43-0468-483E-BCDE-5716D81463F3}.Release|Any CPU.Build.0 = Release|Any CPU
		{510B5F9D-4808-4666-BE1D-B03088799E0C}.Debug|Any CPU.ActiveCfg = Debug|Any CPU
		{510B5F9D-4808-4666-BE1D-B03088799E0C}.Debug|Any CPU.Build.0 = Debug|Any CPU
		{510B5F9D-4808-4666-BE1D-B03088799E0C}.Release|Any CPU.ActiveCfg = Release|Any CPU
		{510B5F9D-4808-4666-BE1D-B03088799E0C}.Release|Any CPU.Build.0 = Release|Any CPU
	EndGlobalSection
	GlobalSection(SolutionProperties) = preSolution
		HideSolutionNode = FALSE
	EndGlobalSection
	GlobalSection(ExtensibilityGlobals) = postSolution
		SolutionGuid = {CB8422F2-C72E-41E1-AE2D-2A3D7246215A}
	EndGlobalSection
EndGlobal
