
Microsoft Visual Studio Solution File, Format Version 12.00
# Visual Studio Version 17
VisualStudioVersion = 17.0.32014.148
MinimumVisualStudioVersion = 10.0.40219.1
Project("{FAE04EC0-301F-11D3-BF4B-00C04F79EFBC}") = "CheckPassword", "CheckPassword.csproj", "{66317FB4-28CE-4E37-B129-5E5DBFC642DE}"
EndProject
Project("{FAE04EC0-301F-11D3-BF4B-00C04F79EFBC}") = "ternarOperator", "..\ternarOperator\ternarOperator.csproj", "{714F53E9-0B1D-4A3C-83FD-1F6DDF9689F1}"
EndProject
Global
	GlobalSection(SolutionConfigurationPlatforms) = preSolution
		Debug|Any CPU = Debug|Any CPU
		Release|Any CPU = Release|Any CPU
	EndGlobalSection
	GlobalSection(ProjectConfigurationPlatforms) = postSolution
		{66317FB4-28CE-4E37-B129-5E5DBFC642DE}.Debug|Any CPU.ActiveCfg = Debug|Any CPU
		{66317FB4-28CE-4E37-B129-5E5DBFC642DE}.Debug|Any CPU.Build.0 = Debug|Any CPU
		{66317FB4-28CE-4E37-B129-5E5DBFC642DE}.Release|Any CPU.ActiveCfg = Release|Any CPU
		{66317FB4-28CE-4E37-B129-5E5DBFC642DE}.Release|Any CPU.Build.0 = Release|Any CPU
		{714F53E9-0B1D-4A3C-83FD-1F6DDF9689F1}.Debug|Any CPU.ActiveCfg = Debug|Any CPU
		{714F53E9-0B1D-4A3C-83FD-1F6DDF9689F1}.Debug|Any CPU.Build.0 = Debug|Any CPU
		{714F53E9-0B1D-4A3C-83FD-1F6DDF9689F1}.Release|Any CPU.ActiveCfg = Release|Any CPU
		{714F53E9-0B1D-4A3C-83FD-1F6DDF9689F1}.Release|Any CPU.Build.0 = Release|Any CPU
	EndGlobalSection
	GlobalSection(SolutionProperties) = preSolution
		HideSolutionNode = FALSE
	EndGlobalSection
	GlobalSection(ExtensibilityGlobals) = postSolution
		SolutionGuid = {12238444-738E-48F3-8BA1-2BE1B9652272}
	EndGlobalSection
EndGlobal
